
Microsoft Visual Studio Solution File, Format Version 12.00
# Visual Studio Version 16
VisualStudioVersion = 16.0.31424.327
MinimumVisualStudioVersion = 10.0.40219.1
Project("{FAE04EC0-301F-11D3-BF4B-00C04F79EFBC}") = "Minefield.Business", "Minefield.Business\Minefield.Business.csproj", "{D3BD0552-81AE-4A31-BDE4-B35ECC328393}"
EndProject
Project("{FAE04EC0-301F-11D3-BF4B-00C04F79EFBC}") = "Minefield.Console", "Minefield.Console\Minefield.Console.csproj", "{7819829F-E312-4F1B-BC17-6E3E67B46705}"
EndProject
Project("{FAE04EC0-301F-11D3-BF4B-00C04F79EFBC}") = "Minefield.Tests", "Minefield.Tests\Minefield.Tests.csproj", "{7317B0C0-B508-40B4-A7EA-006E60633938}"
EndProject
Global
	GlobalSection(SolutionConfigurationPlatforms) = preSolution
		Debug|Any CPU = Debug|Any CPU
		Release|Any CPU = Release|Any CPU
	EndGlobalSection
	GlobalSection(ProjectConfigurationPlatforms) = postSolution
		{D3BD0552-81AE-4A31-BDE4-B35ECC328393}.Debug|Any CPU.ActiveCfg = Debug|Any CPU
		{D3BD0552-81AE-4A31-BDE4-B35ECC328393}.Debug|Any CPU.Build.0 = Debug|Any CPU
		{D3BD0552-81AE-4A31-BDE4-B35ECC328393}.Release|Any CPU.ActiveCfg = Release|Any CPU
		{D3BD0552-81AE-4A31-BDE4-B35ECC328393}.Release|Any CPU.Build.0 = Release|Any CPU
		{7819829F-E312-4F1B-BC17-6E3E67B46705}.Debug|Any CPU.ActiveCfg = Debug|Any CPU
		{7819829F-E312-4F1B-BC17-6E3E67B46705}.Debug|Any CPU.Build.0 = Debug|Any CPU
		{7819829F-E312-4F1B-BC17-6E3E67B46705}.Release|Any CPU.ActiveCfg = Release|Any CPU
		{7819829F-E312-4F1B-BC17-6E3E67B46705}.Release|Any CPU.Build.0 = Release|Any CPU
		{7317B0C0-B508-40B4-A7EA-006E60633938}.Debug|Any CPU.ActiveCfg = Debug|Any CPU
		{7317B0C0-B508-40B4-A7EA-006E60633938}.Debug|Any CPU.Build.0 = Debug|Any CPU
		{7317B0C0-B508-40B4-A7EA-006E60633938}.Release|Any CPU.ActiveCfg = Release|Any CPU
		{7317B0C0-B508-40B4-A7EA-006E60633938}.Release|Any CPU.Build.0 = Release|Any CPU
	EndGlobalSection
	GlobalSection(SolutionProperties) = preSolution
		HideSolutionNode = FALSE
	EndGlobalSection
	GlobalSection(ExtensibilityGlobals) = postSolution
		SolutionGuid = {33B8D10C-82D4-4544-B00A-D475517AD098}
	EndGlobalSection
EndGlobal
